
Microsoft Visual Studio Solution File, Format Version 12.00
# Visual Studio Version 17
VisualStudioVersion = 17.11.35219.272
MinimumVisualStudioVersion = 10.0.40219.1
Project("{9A19103F-16F7-4668-BE54-9A1E7A4F7556}") = "Bank", "Bank\Bank.csproj", "{3253BAD0-EFA5-43BB-9F48-1C142A91C30E}"
EndProject
Project("{9A19103F-16F7-4668-BE54-9A1E7A4F7556}") = "DataAccessLayer", "DataAccessLayer\DataAccessLayer.csproj", "{47EE2C76-879A-46C4-AEC0-7F007A4F2FF4}"
EndProject
Project("{9A19103F-16F7-4668-BE54-9A1E7A4F7556}") = "Services", "Services\Services.csproj", "{2E167517-EE42-48C0-8BBE-8823F36B329D}"
EndProject
Global
	GlobalSection(SolutionConfigurationPlatforms) = preSolution
		Debug|Any CPU = Debug|Any CPU
		Release|Any CPU = Release|Any CPU
	EndGlobalSection
	GlobalSection(ProjectConfigurationPlatforms) = postSolution
		{3253BAD0-EFA5-43BB-9F48-1C142A91C30E}.Debug|Any CPU.ActiveCfg = Debug|Any CPU
		{3253BAD0-EFA5-43BB-9F48-1C142A91C30E}.Debug|Any CPU.Build.0 = Debug|Any CPU
		{3253BAD0-EFA5-43BB-9F48-1C142A91C30E}.Release|Any CPU.ActiveCfg = Release|Any CPU
		{3253BAD0-EFA5-43BB-9F48-1C142A91C30E}.Release|Any CPU.Build.0 = Release|Any CPU
		{47EE2C76-879A-46C4-AEC0-7F007A4F2FF4}.Debug|Any CPU.ActiveCfg = Debug|Any CPU
		{47EE2C76-879A-46C4-AEC0-7F007A4F2FF4}.Debug|Any CPU.Build.0 = Debug|Any CPU
		{47EE2C76-879A-46C4-AEC0-7F007A4F2FF4}.Release|Any CPU.ActiveCfg = Release|Any CPU
		{47EE2C76-879A-46C4-AEC0-7F007A4F2FF4}.Release|Any CPU.Build.0 = Release|Any CPU
		{2E167517-EE42-48C0-8BBE-8823F36B329D}.Debug|Any CPU.ActiveCfg = Debug|Any CPU
		{2E167517-EE42-48C0-8BBE-8823F36B329D}.Debug|Any CPU.Build.0 = Debug|Any CPU
		{2E167517-EE42-48C0-8BBE-8823F36B329D}.Release|Any CPU.ActiveCfg = Release|Any CPU
		{2E167517-EE42-48C0-8BBE-8823F36B329D}.Release|Any CPU.Build.0 = Release|Any CPU
	EndGlobalSection
	GlobalSection(SolutionProperties) = preSolution
		HideSolutionNode = FALSE
	EndGlobalSection
	GlobalSection(ExtensibilityGlobals) = postSolution
		SolutionGuid = {44FC5A4D-CCEB-4A70-8296-2DCA09C33817}
	EndGlobalSection
EndGlobal
